
Microsoft Visual Studio Solution File, Format Version 11.00
# Visual Studio 2010
Project("{8BC9CEB8-8B4A-11D0-8D11-00A0C91BC942}") = "Jw_pointer.app", "Jw_pointer.app\Jw_pointer.app.vcxproj", "{1CCE6D35-B38A-45A2-BDED-EB1BDF6DA10A}"
EndProject
Global
	GlobalSection(SolutionConfigurationPlatforms) = preSolution
		Debug|Win32 = Debug|Win32
		Release|Win32 = Release|Win32
	EndGlobalSection
	GlobalSection(ProjectConfigurationPlatforms) = postSolution
		{1CCE6D35-B38A-45A2-BDED-EB1BDF6DA10A}.Debug|Win32.ActiveCfg = Debug|Win32
		{1CCE6D35-B38A-45A2-BDED-EB1BDF6DA10A}.Debug|Win32.Build.0 = Debug|Win32
		{1CCE6D35-B38A-45A2-BDED-EB1BDF6DA10A}.Release|Win32.ActiveCfg = Release|Win32
		{1CCE6D35-B38A-45A2-BDED-EB1BDF6DA10A}.Release|Win32.Build.0 = Release|Win32
	EndGlobalSection
	GlobalSection(SolutionProperties) = preSolution
		HideSolutionNode = FALSE
	EndGlobalSection
EndGlobal
