
Microsoft Visual Studio Solution File, Format Version 11.00
# Visual Studio 2010
Project("{8BC9CEB8-8B4A-11D0-8D11-00A0C91BC942}") = "JW_String_App", "JW_String_App\JW_String_App.vcxproj", "{A502F58A-D1BE-448D-8C00-BA45CF833525}"
EndProject
Global
	GlobalSection(SolutionConfigurationPlatforms) = preSolution
		Debug|Win32 = Debug|Win32
		Release|Win32 = Release|Win32
	EndGlobalSection
	GlobalSection(ProjectConfigurationPlatforms) = postSolution
		{A502F58A-D1BE-448D-8C00-BA45CF833525}.Debug|Win32.ActiveCfg = Debug|Win32
		{A502F58A-D1BE-448D-8C00-BA45CF833525}.Debug|Win32.Build.0 = Debug|Win32
		{A502F58A-D1BE-448D-8C00-BA45CF833525}.Release|Win32.ActiveCfg = Release|Win32
		{A502F58A-D1BE-448D-8C00-BA45CF833525}.Release|Win32.Build.0 = Release|Win32
	EndGlobalSection
	GlobalSection(SolutionProperties) = preSolution
		HideSolutionNode = FALSE
	EndGlobalSection
EndGlobal
